
Microsoft Visual Studio Solution File, Format Version 12.00
# Visual Studio 2013
VisualStudioVersion = 12.0.31101.0
MinimumVisualStudioVersion = 10.0.40219.1
Project("{FAE04EC0-301F-11D3-BF4B-00C04F79EFBC}") = "BMonitor.Common", "BMonitor.Common\BMonitor.Common.csproj", "{4C1C9B97-E90D-45BF-BE89-48CFE705C211}"
EndProject
Project("{FAE04EC0-301F-11D3-BF4B-00C04F79EFBC}") = "BMonitor.Service", "BMonitor.Service\BMonitor.Service.csproj", "{2D20637B-6603-434A-B05F-C67C27BCB639}"
EndProject
Project("{FAE04EC0-301F-11D3-BF4B-00C04F79EFBC}") = "BMonitor.WindowsService", "BMonitor.WindowsService\BMonitor.WindowsService.csproj", "{88832E91-33A4-42FB-B7C1-C90758E1CDFC}"
EndProject
Project("{FAE04EC0-301F-11D3-BF4B-00C04F79EFBC}") = "BMonitor.Monitors", "BMonitor.Monitors\BMonitor.Monitors.csproj", "{A7811934-D990-4F77-9013-E66FE9513144}"
EndProject
Project("{FAE04EC0-301F-11D3-BF4B-00C04F79EFBC}") = "BMonitor.Handlers", "BMonitor.Handlers\BMonitor.Handlers.csproj", "{639A1B6C-B4F4-4ACB-9562-A48BBEE8AA74}"
EndProject
Project("{FAE04EC0-301F-11D3-BF4B-00C04F79EFBC}") = "BMonitor.Handlers.Runner", "BMonitor.Handlers.Runner\BMonitor.Handlers.Runner.csproj", "{8EF350CC-D2C0-4D48-9200-3E05C9CDD503}"
EndProject
Project("{FAE04EC0-301F-11D3-BF4B-00C04F79EFBC}") = "BMonitor.Common.Tests", "BMonitor.Common.Tests\BMonitor.Common.Tests.csproj", "{8D0B8ED8-F45B-45ED-A4E2-E96192A8019B}"
EndProject
Project("{930C7802-8A8C-48F9-8165-68863BCCD9DD}") = "BMonitor.Setup", "BMonitor.Setup\BMonitor.Setup.wixproj", "{DD8A2D35-7928-474A-B40C-A709B8276A06}"
EndProject
Global
	GlobalSection(SolutionConfigurationPlatforms) = preSolution
		Debug|Any CPU = Debug|Any CPU
		Debug|Mixed Platforms = Debug|Mixed Platforms
		Debug|x86 = Debug|x86
		Release|Any CPU = Release|Any CPU
		Release|Mixed Platforms = Release|Mixed Platforms
		Release|x86 = Release|x86
	EndGlobalSection
	GlobalSection(ProjectConfigurationPlatforms) = postSolution
		{4C1C9B97-E90D-45BF-BE89-48CFE705C211}.Debug|Any CPU.ActiveCfg = Debug|Any CPU
		{4C1C9B97-E90D-45BF-BE89-48CFE705C211}.Debug|Any CPU.Build.0 = Debug|Any CPU
		{4C1C9B97-E90D-45BF-BE89-48CFE705C211}.Debug|Mixed Platforms.ActiveCfg = Debug|Any CPU
		{4C1C9B97-E90D-45BF-BE89-48CFE705C211}.Debug|Mixed Platforms.Build.0 = Debug|Any CPU
		{4C1C9B97-E90D-45BF-BE89-48CFE705C211}.Debug|x86.ActiveCfg = Debug|Any CPU
		{4C1C9B97-E90D-45BF-BE89-48CFE705C211}.Release|Any CPU.ActiveCfg = Release|Any CPU
		{4C1C9B97-E90D-45BF-BE89-48CFE705C211}.Release|Any CPU.Build.0 = Release|Any CPU
		{4C1C9B97-E90D-45BF-BE89-48CFE705C211}.Release|Mixed Platforms.ActiveCfg = Release|Any CPU
		{4C1C9B97-E90D-45BF-BE89-48CFE705C211}.Release|Mixed Platforms.Build.0 = Release|Any CPU
		{4C1C9B97-E90D-45BF-BE89-48CFE705C211}.Release|x86.ActiveCfg = Release|Any CPU
		{2D20637B-6603-434A-B05F-C67C27BCB639}.Debug|Any CPU.ActiveCfg = Debug|Any CPU
		{2D20637B-6603-434A-B05F-C67C27BCB639}.Debug|Any CPU.Build.0 = Debug|Any CPU
		{2D20637B-6603-434A-B05F-C67C27BCB639}.Debug|Mixed Platforms.ActiveCfg = Debug|Any CPU
		{2D20637B-6603-434A-B05F-C67C27BCB639}.Debug|Mixed Platforms.Build.0 = Debug|Any CPU
		{2D20637B-6603-434A-B05F-C67C27BCB639}.Debug|x86.ActiveCfg = Debug|Any CPU
		{2D20637B-6603-434A-B05F-C67C27BCB639}.Release|Any CPU.ActiveCfg = Release|Any CPU
		{2D20637B-6603-434A-B05F-C67C27BCB639}.Release|Any CPU.Build.0 = Release|Any CPU
		{2D20637B-6603-434A-B05F-C67C27BCB639}.Release|Mixed Platforms.ActiveCfg = Release|Any CPU
		{2D20637B-6603-434A-B05F-C67C27BCB639}.Release|Mixed Platforms.Build.0 = Release|Any CPU
		{2D20637B-6603-434A-B05F-C67C27BCB639}.Release|x86.ActiveCfg = Release|Any CPU
		{88832E91-33A4-42FB-B7C1-C90758E1CDFC}.Debug|Any CPU.ActiveCfg = Debug|Any CPU
		{88832E91-33A4-42FB-B7C1-C90758E1CDFC}.Debug|Any CPU.Build.0 = Debug|Any CPU
		{88832E91-33A4-42FB-B7C1-C90758E1CDFC}.Debug|Mixed Platforms.ActiveCfg = Debug|Any CPU
		{88832E91-33A4-42FB-B7C1-C90758E1CDFC}.Debug|Mixed Platforms.Build.0 = Debug|Any CPU
		{88832E91-33A4-42FB-B7C1-C90758E1CDFC}.Debug|x86.ActiveCfg = Debug|Any CPU
		{88832E91-33A4-42FB-B7C1-C90758E1CDFC}.Release|Any CPU.ActiveCfg = Release|Any CPU
		{88832E91-33A4-42FB-B7C1-C90758E1CDFC}.Release|Any CPU.Build.0 = Release|Any CPU
		{88832E91-33A4-42FB-B7C1-C90758E1CDFC}.Release|Mixed Platforms.ActiveCfg = Release|Any CPU
		{88832E91-33A4-42FB-B7C1-C90758E1CDFC}.Release|Mixed Platforms.Build.0 = Release|Any CPU
		{88832E91-33A4-42FB-B7C1-C90758E1CDFC}.Release|x86.ActiveCfg = Release|Any CPU
		{A7811934-D990-4F77-9013-E66FE9513144}.Debug|Any CPU.ActiveCfg = Debug|Any CPU
		{A7811934-D990-4F77-9013-E66FE9513144}.Debug|Any CPU.Build.0 = Debug|Any CPU
		{A7811934-D990-4F77-9013-E66FE9513144}.Debug|Mixed Platforms.ActiveCfg = Debug|Any CPU
		{A7811934-D990-4F77-9013-E66FE9513144}.Debug|Mixed Platforms.Build.0 = Debug|Any CPU
		{A7811934-D990-4F77-9013-E66FE9513144}.Debug|x86.ActiveCfg = Debug|Any CPU
		{A7811934-D990-4F77-9013-E66FE9513144}.Release|Any CPU.ActiveCfg = Release|Any CPU
		{A7811934-D990-4F77-9013-E66FE9513144}.Release|Any CPU.Build.0 = Release|Any CPU
		{A7811934-D990-4F77-9013-E66FE9513144}.Release|Mixed Platforms.ActiveCfg = Release|Any CPU
		{A7811934-D990-4F77-9013-E66FE9513144}.Release|Mixed Platforms.Build.0 = Release|Any CPU
		{A7811934-D990-4F77-9013-E66FE9513144}.Release|x86.ActiveCfg = Release|Any CPU
		{639A1B6C-B4F4-4ACB-9562-A48BBEE8AA74}.Debug|Any CPU.ActiveCfg = Debug|Any CPU
		{639A1B6C-B4F4-4ACB-9562-A48BBEE8AA74}.Debug|Any CPU.Build.0 = Debug|Any CPU
		{639A1B6C-B4F4-4ACB-9562-A48BBEE8AA74}.Debug|Mixed Platforms.ActiveCfg = Debug|Any CPU
		{639A1B6C-B4F4-4ACB-9562-A48BBEE8AA74}.Debug|Mixed Platforms.Build.0 = Debug|Any CPU
		{639A1B6C-B4F4-4ACB-9562-A48BBEE8AA74}.Debug|x86.ActiveCfg = Debug|Any CPU
		{639A1B6C-B4F4-4ACB-9562-A48BBEE8AA74}.Release|Any CPU.ActiveCfg = Release|Any CPU
		{639A1B6C-B4F4-4ACB-9562-A48BBEE8AA74}.Release|Any CPU.Build.0 = Release|Any CPU
		{639A1B6C-B4F4-4ACB-9562-A48BBEE8AA74}.Release|Mixed Platforms.ActiveCfg = Release|Any CPU
		{639A1B6C-B4F4-4ACB-9562-A48BBEE8AA74}.Release|Mixed Platforms.Build.0 = Release|Any CPU
		{639A1B6C-B4F4-4ACB-9562-A48BBEE8AA74}.Release|x86.ActiveCfg = Release|Any CPU
		{8EF350CC-D2C0-4D48-9200-3E05C9CDD503}.Debug|Any CPU.ActiveCfg = Debug|Any CPU
		{8EF350CC-D2C0-4D48-9200-3E05C9CDD503}.Debug|Any CPU.Build.0 = Debug|Any CPU
		{8EF350CC-D2C0-4D48-9200-3E05C9CDD503}.Debug|Mixed Platforms.ActiveCfg = Debug|Any CPU
		{8EF350CC-D2C0-4D48-9200-3E05C9CDD503}.Debug|Mixed Platforms.Build.0 = Debug|Any CPU
		{8EF350CC-D2C0-4D48-9200-3E05C9CDD503}.Debug|x86.ActiveCfg = Debug|Any CPU
		{8EF350CC-D2C0-4D48-9200-3E05C9CDD503}.Release|Any CPU.ActiveCfg = Release|Any CPU
		{8EF350CC-D2C0-4D48-9200-3E05C9CDD503}.Release|Any CPU.Build.0 = Release|Any CPU
		{8EF350CC-D2C0-4D48-9200-3E05C9CDD503}.Release|Mixed Platforms.ActiveCfg = Release|Any CPU
		{8EF350CC-D2C0-4D48-9200-3E05C9CDD503}.Release|Mixed Platforms.Build.0 = Release|Any CPU
		{8EF350CC-D2C0-4D48-9200-3E05C9CDD503}.Release|x86.ActiveCfg = Release|Any CPU
		{8D0B8ED8-F45B-45ED-A4E2-E96192A8019B}.Debug|Any CPU.ActiveCfg = Debug|Any CPU
		{8D0B8ED8-F45B-45ED-A4E2-E96192A8019B}.Debug|Any CPU.Build.0 = Debug|Any CPU
		{8D0B8ED8-F45B-45ED-A4E2-E96192A8019B}.Debug|Mixed Platforms.ActiveCfg = Debug|Any CPU
		{8D0B8ED8-F45B-45ED-A4E2-E96192A8019B}.Debug|Mixed Platforms.Build.0 = Debug|Any CPU
		{8D0B8ED8-F45B-45ED-A4E2-E96192A8019B}.Debug|x86.ActiveCfg = Debug|Any CPU
		{8D0B8ED8-F45B-45ED-A4E2-E96192A8019B}.Release|Any CPU.ActiveCfg = Release|Any CPU
		{8D0B8ED8-F45B-45ED-A4E2-E96192A8019B}.Release|Any CPU.Build.0 = Release|Any CPU
		{8D0B8ED8-F45B-45ED-A4E2-E96192A8019B}.Release|Mixed Platforms.ActiveCfg = Release|Any CPU
		{8D0B8ED8-F45B-45ED-A4E2-E96192A8019B}.Release|Mixed Platforms.Build.0 = Release|Any CPU
		{8D0B8ED8-F45B-45ED-A4E2-E96192A8019B}.Release|x86.ActiveCfg = Release|Any CPU
		{DD8A2D35-7928-474A-B40C-A709B8276A06}.Debug|Any CPU.ActiveCfg = Debug|x86
		{DD8A2D35-7928-474A-B40C-A709B8276A06}.Debug|Mixed Platforms.ActiveCfg = Debug|x86
		{DD8A2D35-7928-474A-B40C-A709B8276A06}.Debug|Mixed Platforms.Build.0 = Debug|x86
		{DD8A2D35-7928-474A-B40C-A709B8276A06}.Debug|x86.ActiveCfg = Debug|x86
		{DD8A2D35-7928-474A-B40C-A709B8276A06}.Debug|x86.Build.0 = Debug|x86
		{DD8A2D35-7928-474A-B40C-A709B8276A06}.Release|Any CPU.ActiveCfg = Release|x86
		{DD8A2D35-7928-474A-B40C-A709B8276A06}.Release|Mixed Platforms.ActiveCfg = Release|x86
		{DD8A2D35-7928-474A-B40C-A709B8276A06}.Release|Mixed Platforms.Build.0 = Release|x86
		{DD8A2D35-7928-474A-B40C-A709B8276A06}.Release|x86.ActiveCfg = Release|x86
		{DD8A2D35-7928-474A-B40C-A709B8276A06}.Release|x86.Build.0 = Release|x86
	EndGlobalSection
	GlobalSection(SolutionProperties) = preSolution
		HideSolutionNode = FALSE
	EndGlobalSection
EndGlobal
