
Microsoft Visual Studio Solution File, Format Version 12.00
# Visual Studio 2013
VisualStudioVersion = 12.0.31101.0
MinimumVisualStudioVersion = 10.0.40219.1
Project("{FAE04EC0-301F-11D3-BF4B-00C04F79EFBC}") = "BMonitor.Common", "BMonitor.Common\BMonitor.Common.csproj", "{4C1C9B97-E90D-45BF-BE89-48CFE705C211}"
EndProject
Project("{FAE04EC0-301F-11D3-BF4B-00C04F79EFBC}") = "BMonitor.Service", "BMonitor.Service\BMonitor.Service.csproj", "{2D20637B-6603-434A-B05F-C67C27BCB639}"
EndProject
Project("{FAE04EC0-301F-11D3-BF4B-00C04F79EFBC}") = "BMonitor.Handlers.Custom", "BMonitor.Handlers.Custom\BMonitor.Handlers.Custom.csproj", "{861F4E97-E039-4EEE-8B99-DF345E7AD902}"
EndProject
Project("{FAE04EC0-301F-11D3-BF4B-00C04F79EFBC}") = "BMonitor.Monitors.Custom", "BMonitor.Monitors.Custom\BMonitor.Monitors.Custom.csproj", "{B0336DAD-387A-4D07-890D-13354B131F22}"
EndProject
Project("{FAE04EC0-301F-11D3-BF4B-00C04F79EFBC}") = "BMonitor.WindowsService", "BMonitor.WindowsService\BMonitor.WindowsService.csproj", "{88832E91-33A4-42FB-B7C1-C90758E1CDFC}"
EndProject
Project("{FAE04EC0-301F-11D3-BF4B-00C04F79EFBC}") = "BMonitor.Monitors", "BMonitor.Monitors\BMonitor.Monitors.csproj", "{A7811934-D990-4F77-9013-E66FE9513144}"
EndProject
Project("{FAE04EC0-301F-11D3-BF4B-00C04F79EFBC}") = "BMonitor.Handlers", "BMonitor.Handlers\BMonitor.Handlers.csproj", "{639A1B6C-B4F4-4ACB-9562-A48BBEE8AA74}"
EndProject
Project("{FAE04EC0-301F-11D3-BF4B-00C04F79EFBC}") = "BMonitor.Handlers.Runner", "BMonitor.Handlers.Runner\BMonitor.Handlers.Runner.csproj", "{8EF350CC-D2C0-4D48-9200-3E05C9CDD503}"
EndProject
Global
	GlobalSection(SolutionConfigurationPlatforms) = preSolution
		Debug|Any CPU = Debug|Any CPU
		Release|Any CPU = Release|Any CPU
	EndGlobalSection
	GlobalSection(ProjectConfigurationPlatforms) = postSolution
		{4C1C9B97-E90D-45BF-BE89-48CFE705C211}.Debug|Any CPU.ActiveCfg = Debug|Any CPU
		{4C1C9B97-E90D-45BF-BE89-48CFE705C211}.Debug|Any CPU.Build.0 = Debug|Any CPU
		{4C1C9B97-E90D-45BF-BE89-48CFE705C211}.Release|Any CPU.ActiveCfg = Release|Any CPU
		{4C1C9B97-E90D-45BF-BE89-48CFE705C211}.Release|Any CPU.Build.0 = Release|Any CPU
		{2D20637B-6603-434A-B05F-C67C27BCB639}.Debug|Any CPU.ActiveCfg = Debug|Any CPU
		{2D20637B-6603-434A-B05F-C67C27BCB639}.Debug|Any CPU.Build.0 = Debug|Any CPU
		{2D20637B-6603-434A-B05F-C67C27BCB639}.Release|Any CPU.ActiveCfg = Release|Any CPU
		{2D20637B-6603-434A-B05F-C67C27BCB639}.Release|Any CPU.Build.0 = Release|Any CPU
		{861F4E97-E039-4EEE-8B99-DF345E7AD902}.Debug|Any CPU.ActiveCfg = Debug|Any CPU
		{861F4E97-E039-4EEE-8B99-DF345E7AD902}.Debug|Any CPU.Build.0 = Debug|Any CPU
		{861F4E97-E039-4EEE-8B99-DF345E7AD902}.Release|Any CPU.ActiveCfg = Release|Any CPU
		{861F4E97-E039-4EEE-8B99-DF345E7AD902}.Release|Any CPU.Build.0 = Release|Any CPU
		{B0336DAD-387A-4D07-890D-13354B131F22}.Debug|Any CPU.ActiveCfg = Debug|Any CPU
		{B0336DAD-387A-4D07-890D-13354B131F22}.Debug|Any CPU.Build.0 = Debug|Any CPU
		{B0336DAD-387A-4D07-890D-13354B131F22}.Release|Any CPU.ActiveCfg = Release|Any CPU
		{B0336DAD-387A-4D07-890D-13354B131F22}.Release|Any CPU.Build.0 = Release|Any CPU
		{88832E91-33A4-42FB-B7C1-C90758E1CDFC}.Debug|Any CPU.ActiveCfg = Debug|Any CPU
		{88832E91-33A4-42FB-B7C1-C90758E1CDFC}.Debug|Any CPU.Build.0 = Debug|Any CPU
		{88832E91-33A4-42FB-B7C1-C90758E1CDFC}.Release|Any CPU.ActiveCfg = Release|Any CPU
		{88832E91-33A4-42FB-B7C1-C90758E1CDFC}.Release|Any CPU.Build.0 = Release|Any CPU
		{A7811934-D990-4F77-9013-E66FE9513144}.Debug|Any CPU.ActiveCfg = Debug|Any CPU
		{A7811934-D990-4F77-9013-E66FE9513144}.Debug|Any CPU.Build.0 = Debug|Any CPU
		{A7811934-D990-4F77-9013-E66FE9513144}.Release|Any CPU.ActiveCfg = Release|Any CPU
		{A7811934-D990-4F77-9013-E66FE9513144}.Release|Any CPU.Build.0 = Release|Any CPU
		{639A1B6C-B4F4-4ACB-9562-A48BBEE8AA74}.Debug|Any CPU.ActiveCfg = Debug|Any CPU
		{639A1B6C-B4F4-4ACB-9562-A48BBEE8AA74}.Debug|Any CPU.Build.0 = Debug|Any CPU
		{639A1B6C-B4F4-4ACB-9562-A48BBEE8AA74}.Release|Any CPU.ActiveCfg = Release|Any CPU
		{639A1B6C-B4F4-4ACB-9562-A48BBEE8AA74}.Release|Any CPU.Build.0 = Release|Any CPU
		{8EF350CC-D2C0-4D48-9200-3E05C9CDD503}.Debug|Any CPU.ActiveCfg = Debug|Any CPU
		{8EF350CC-D2C0-4D48-9200-3E05C9CDD503}.Debug|Any CPU.Build.0 = Debug|Any CPU
		{8EF350CC-D2C0-4D48-9200-3E05C9CDD503}.Release|Any CPU.ActiveCfg = Release|Any CPU
		{8EF350CC-D2C0-4D48-9200-3E05C9CDD503}.Release|Any CPU.Build.0 = Release|Any CPU
	EndGlobalSection
	GlobalSection(SolutionProperties) = preSolution
		HideSolutionNode = FALSE
	EndGlobalSection
EndGlobal
