
Microsoft Visual Studio Solution File, Format Version 12.00
# Visual Studio 14
VisualStudioVersion = 14.0.22823.1
MinimumVisualStudioVersion = 10.0.40219.1
Project("{2150E333-8FDC-42A3-9474-1A3956D46DE8}") = "src", "src", "{2CFEDE76-0F34-483E-96A8-3BBF774F9784}"
EndProject
Project("{2150E333-8FDC-42A3-9474-1A3956D46DE8}") = "Solution Items", "Solution Items", "{0F94D9A9-BCB0-462A-8138-C2C96CB2903A}"
	ProjectSection(SolutionItems) = preProject
		global.json = global.json
	EndProjectSection
EndProject
Project("{8BB2217D-0F2D-49D1-97BC-3654ED321F3B}") = "Blob.Contracts", "src\Blob.Contracts\Blob.Contracts.xproj", "{EBCEF582-3636-4811-98E3-909AD4AFADC6}"
EndProject
Project("{8BB2217D-0F2D-49D1-97BC-3654ED321F3B}") = "Blob.Crypto", "src\Blob.Crypto\Blob.Crypto.xproj", "{6F6F6F40-D856-412C-8865-1E0523E7AAC1}"
EndProject
Project("{8BB2217D-0F2D-49D1-97BC-3654ED321F3B}") = "Blob.Core", "src\Blob.Core\Blob.Core.xproj", "{7B700757-EA87-4893-8D05-5EC2297EE938}"
EndProject
Project("{8BB2217D-0F2D-49D1-97BC-3654ED321F3B}") = "Blob.Proxies", "src\Blob.Proxies\Blob.Proxies.xproj", "{7C7ECBBA-7ADA-43B4-93E4-CC5F74D2DA24}"
EndProject
Global
	GlobalSection(SolutionConfigurationPlatforms) = preSolution
		Debug|Any CPU = Debug|Any CPU
		Release|Any CPU = Release|Any CPU
	EndGlobalSection
	GlobalSection(ProjectConfigurationPlatforms) = postSolution
		{EBCEF582-3636-4811-98E3-909AD4AFADC6}.Debug|Any CPU.ActiveCfg = Debug|Any CPU
		{EBCEF582-3636-4811-98E3-909AD4AFADC6}.Debug|Any CPU.Build.0 = Debug|Any CPU
		{EBCEF582-3636-4811-98E3-909AD4AFADC6}.Release|Any CPU.ActiveCfg = Release|Any CPU
		{EBCEF582-3636-4811-98E3-909AD4AFADC6}.Release|Any CPU.Build.0 = Release|Any CPU
		{6F6F6F40-D856-412C-8865-1E0523E7AAC1}.Debug|Any CPU.ActiveCfg = Debug|Any CPU
		{6F6F6F40-D856-412C-8865-1E0523E7AAC1}.Debug|Any CPU.Build.0 = Debug|Any CPU
		{6F6F6F40-D856-412C-8865-1E0523E7AAC1}.Release|Any CPU.ActiveCfg = Release|Any CPU
		{6F6F6F40-D856-412C-8865-1E0523E7AAC1}.Release|Any CPU.Build.0 = Release|Any CPU
		{7B700757-EA87-4893-8D05-5EC2297EE938}.Debug|Any CPU.ActiveCfg = Debug|Any CPU
		{7B700757-EA87-4893-8D05-5EC2297EE938}.Debug|Any CPU.Build.0 = Debug|Any CPU
		{7B700757-EA87-4893-8D05-5EC2297EE938}.Release|Any CPU.ActiveCfg = Release|Any CPU
		{7B700757-EA87-4893-8D05-5EC2297EE938}.Release|Any CPU.Build.0 = Release|Any CPU
		{7C7ECBBA-7ADA-43B4-93E4-CC5F74D2DA24}.Debug|Any CPU.ActiveCfg = Debug|Any CPU
		{7C7ECBBA-7ADA-43B4-93E4-CC5F74D2DA24}.Debug|Any CPU.Build.0 = Debug|Any CPU
		{7C7ECBBA-7ADA-43B4-93E4-CC5F74D2DA24}.Release|Any CPU.ActiveCfg = Release|Any CPU
		{7C7ECBBA-7ADA-43B4-93E4-CC5F74D2DA24}.Release|Any CPU.Build.0 = Release|Any CPU
	EndGlobalSection
	GlobalSection(SolutionProperties) = preSolution
		HideSolutionNode = FALSE
	EndGlobalSection
	GlobalSection(NestedProjects) = preSolution
		{EBCEF582-3636-4811-98E3-909AD4AFADC6} = {2CFEDE76-0F34-483E-96A8-3BBF774F9784}
		{6F6F6F40-D856-412C-8865-1E0523E7AAC1} = {2CFEDE76-0F34-483E-96A8-3BBF774F9784}
		{7B700757-EA87-4893-8D05-5EC2297EE938} = {2CFEDE76-0F34-483E-96A8-3BBF774F9784}
		{7C7ECBBA-7ADA-43B4-93E4-CC5F74D2DA24} = {2CFEDE76-0F34-483E-96A8-3BBF774F9784}
	EndGlobalSection
EndGlobal
