
Microsoft Visual Studio Solution File, Format Version 12.00
# Visual Studio 14
VisualStudioVersion = 14.0.23107.0
MinimumVisualStudioVersion = 10.0.40219.1
Project("{FAE04EC0-301F-11D3-BF4B-00C04F79EFBC}") = "Blob.Contracts", "src\Blob.Contracts\Blob.Contracts.csproj", "{378A8760-5046-44D2-8F28-C0F3A842D094}"
EndProject
Project("{FAE04EC0-301F-11D3-BF4B-00C04F79EFBC}") = "Blob.Core", "src\Blob.Core\Blob.Core.csproj", "{A8395CBD-FDD2-4A90-8A9E-719B8266773F}"
EndProject
Project("{FAE04EC0-301F-11D3-BF4B-00C04F79EFBC}") = "Blob.Proxies", "src\Blob.Proxies\Blob.Proxies.csproj", "{95485EC1-2480-4BCB-AED7-3722A1427CC4}"
EndProject
Project("{FAE04EC0-301F-11D3-BF4B-00C04F79EFBC}") = "Blob.Services", "src\Blob.Services\Blob.Services.csproj", "{0CA5CC90-D2BB-4847-98B4-3849CC5D422D}"
EndProject
Project("{FAE04EC0-301F-11D3-BF4B-00C04F79EFBC}") = "Blob.WcfHost", "src\Blob.WcfHost\Blob.WcfHost.csproj", "{FFF2EF9C-8655-428A-AA0F-5F33C4746B26}"
EndProject
Project("{FAE04EC0-301F-11D3-BF4B-00C04F79EFBC}") = "DeviceStatus.Core", "src\DeviceStatus.Core\DeviceStatus.Core.csproj", "{83701FEF-A995-41D8-BB71-CD592E31CBE7}"
EndProject
Project("{2150E333-8FDC-42A3-9474-1A3956D46DE8}") = "src", "src", "{03AD5901-9172-4006-972B-43318B43C3A5}"
EndProject
Project("{FAE04EC0-301F-11D3-BF4B-00C04F79EFBC}") = "DeviceStatus.Repository.SqlServer", "DeviceStatus.Repository.SqlServer\DeviceStatus.Repository.SqlServer.csproj", "{CFA0D027-6E99-430C-837D-B39C72B81D85}"
EndProject
Project("{FAE04EC0-301F-11D3-BF4B-00C04F79EFBC}") = "DeviceStatus.Repository.Blob", "DeviceStatus.Repository.Blob\DeviceStatus.Repository.Blob.csproj", "{8777BA03-58BD-4F55-A2F2-2DB20D7B388D}"
EndProject
Global
	GlobalSection(SolutionConfigurationPlatforms) = preSolution
		Debug|Any CPU = Debug|Any CPU
		Release|Any CPU = Release|Any CPU
	EndGlobalSection
	GlobalSection(ProjectConfigurationPlatforms) = postSolution
		{378A8760-5046-44D2-8F28-C0F3A842D094}.Debug|Any CPU.ActiveCfg = Debug|Any CPU
		{378A8760-5046-44D2-8F28-C0F3A842D094}.Debug|Any CPU.Build.0 = Debug|Any CPU
		{378A8760-5046-44D2-8F28-C0F3A842D094}.Release|Any CPU.ActiveCfg = Release|Any CPU
		{378A8760-5046-44D2-8F28-C0F3A842D094}.Release|Any CPU.Build.0 = Release|Any CPU
		{A8395CBD-FDD2-4A90-8A9E-719B8266773F}.Debug|Any CPU.ActiveCfg = Debug|Any CPU
		{A8395CBD-FDD2-4A90-8A9E-719B8266773F}.Debug|Any CPU.Build.0 = Debug|Any CPU
		{A8395CBD-FDD2-4A90-8A9E-719B8266773F}.Release|Any CPU.ActiveCfg = Release|Any CPU
		{A8395CBD-FDD2-4A90-8A9E-719B8266773F}.Release|Any CPU.Build.0 = Release|Any CPU
		{95485EC1-2480-4BCB-AED7-3722A1427CC4}.Debug|Any CPU.ActiveCfg = Debug|Any CPU
		{95485EC1-2480-4BCB-AED7-3722A1427CC4}.Debug|Any CPU.Build.0 = Debug|Any CPU
		{95485EC1-2480-4BCB-AED7-3722A1427CC4}.Release|Any CPU.ActiveCfg = Release|Any CPU
		{95485EC1-2480-4BCB-AED7-3722A1427CC4}.Release|Any CPU.Build.0 = Release|Any CPU
		{0CA5CC90-D2BB-4847-98B4-3849CC5D422D}.Debug|Any CPU.ActiveCfg = Debug|Any CPU
		{0CA5CC90-D2BB-4847-98B4-3849CC5D422D}.Debug|Any CPU.Build.0 = Debug|Any CPU
		{0CA5CC90-D2BB-4847-98B4-3849CC5D422D}.Release|Any CPU.ActiveCfg = Release|Any CPU
		{0CA5CC90-D2BB-4847-98B4-3849CC5D422D}.Release|Any CPU.Build.0 = Release|Any CPU
		{FFF2EF9C-8655-428A-AA0F-5F33C4746B26}.Debug|Any CPU.ActiveCfg = Debug|Any CPU
		{FFF2EF9C-8655-428A-AA0F-5F33C4746B26}.Debug|Any CPU.Build.0 = Debug|Any CPU
		{FFF2EF9C-8655-428A-AA0F-5F33C4746B26}.Release|Any CPU.ActiveCfg = Release|Any CPU
		{FFF2EF9C-8655-428A-AA0F-5F33C4746B26}.Release|Any CPU.Build.0 = Release|Any CPU
		{83701FEF-A995-41D8-BB71-CD592E31CBE7}.Debug|Any CPU.ActiveCfg = Debug|Any CPU
		{83701FEF-A995-41D8-BB71-CD592E31CBE7}.Debug|Any CPU.Build.0 = Debug|Any CPU
		{83701FEF-A995-41D8-BB71-CD592E31CBE7}.Release|Any CPU.ActiveCfg = Release|Any CPU
		{83701FEF-A995-41D8-BB71-CD592E31CBE7}.Release|Any CPU.Build.0 = Release|Any CPU
		{CFA0D027-6E99-430C-837D-B39C72B81D85}.Debug|Any CPU.ActiveCfg = Debug|Any CPU
		{CFA0D027-6E99-430C-837D-B39C72B81D85}.Debug|Any CPU.Build.0 = Debug|Any CPU
		{CFA0D027-6E99-430C-837D-B39C72B81D85}.Release|Any CPU.ActiveCfg = Release|Any CPU
		{CFA0D027-6E99-430C-837D-B39C72B81D85}.Release|Any CPU.Build.0 = Release|Any CPU
		{8777BA03-58BD-4F55-A2F2-2DB20D7B388D}.Debug|Any CPU.ActiveCfg = Debug|Any CPU
		{8777BA03-58BD-4F55-A2F2-2DB20D7B388D}.Debug|Any CPU.Build.0 = Debug|Any CPU
		{8777BA03-58BD-4F55-A2F2-2DB20D7B388D}.Release|Any CPU.ActiveCfg = Release|Any CPU
		{8777BA03-58BD-4F55-A2F2-2DB20D7B388D}.Release|Any CPU.Build.0 = Release|Any CPU
	EndGlobalSection
	GlobalSection(SolutionProperties) = preSolution
		HideSolutionNode = FALSE
	EndGlobalSection
	GlobalSection(NestedProjects) = preSolution
		{378A8760-5046-44D2-8F28-C0F3A842D094} = {03AD5901-9172-4006-972B-43318B43C3A5}
		{A8395CBD-FDD2-4A90-8A9E-719B8266773F} = {03AD5901-9172-4006-972B-43318B43C3A5}
		{95485EC1-2480-4BCB-AED7-3722A1427CC4} = {03AD5901-9172-4006-972B-43318B43C3A5}
		{0CA5CC90-D2BB-4847-98B4-3849CC5D422D} = {03AD5901-9172-4006-972B-43318B43C3A5}
		{FFF2EF9C-8655-428A-AA0F-5F33C4746B26} = {03AD5901-9172-4006-972B-43318B43C3A5}
		{83701FEF-A995-41D8-BB71-CD592E31CBE7} = {03AD5901-9172-4006-972B-43318B43C3A5}
		{CFA0D027-6E99-430C-837D-B39C72B81D85} = {03AD5901-9172-4006-972B-43318B43C3A5}
		{8777BA03-58BD-4F55-A2F2-2DB20D7B388D} = {03AD5901-9172-4006-972B-43318B43C3A5}
	EndGlobalSection
EndGlobal
